
Microsoft Visual Studio Solution File, Format Version 11.00
# Visual Studio 2010
Project("{FAE04EC0-301F-11D3-BF4B-00C04F79EFBC}") = "DeadeyeRumbleUnityProject", "Assembly-CSharp-firstpass.csproj", "{58BA90FB-0930-FBE7-09F9-D9D7BA75E5B1}"
EndProject
Project("{FAE04EC0-301F-11D3-BF4B-00C04F79EFBC}") = "DeadeyeRumbleUnityProject", "Assembly-CSharp.csproj", "{26CC2D40-1BBF-EB8A-818C-D73ADD8BD4E5}"
EndProject
Project("{FAE04EC0-301F-11D3-BF4B-00C04F79EFBC}") = "DeadeyeRumbleUnityProject", "Assembly-CSharp-Editor-firstpass.csproj", "{14D148C2-7A9F-C585-7896-99AB0E75BAD5}"
EndProject
Project("{FAE04EC0-301F-11D3-BF4B-00C04F79EFBC}") = "DeadeyeRumbleUnityProject", "Assembly-CSharp-Editor.csproj", "{71FDDB1F-FCB2-726E-59F6-2B113E9894F2}"
EndProject
Project("{B2EAE9C8-70E2-0340-4310-564DA85359EB}") = "DeadeyeRumbleUnityProject", "Assembly-UnityScript.unityproj", "{ECC6D7D5-4116-8105-13DA-8707EF6729CC}"
EndProject
Global
	GlobalSection(SolutionConfigurationPlatforms) = preSolution
		Debug|Any CPU = Debug|Any CPU
		Release|Any CPU = Release|Any CPU
	EndGlobalSection
	GlobalSection(ProjectConfigurationPlatforms) = postSolution
		{58BA90FB-0930-FBE7-09F9-D9D7BA75E5B1}.Debug|Any CPU.ActiveCfg = Debug|Any CPU
		{58BA90FB-0930-FBE7-09F9-D9D7BA75E5B1}.Debug|Any CPU.Build.0 = Debug|Any CPU
		{58BA90FB-0930-FBE7-09F9-D9D7BA75E5B1}.Release|Any CPU.ActiveCfg = Release|Any CPU
		{58BA90FB-0930-FBE7-09F9-D9D7BA75E5B1}.Release|Any CPU.Build.0 = Release|Any CPU
		{26CC2D40-1BBF-EB8A-818C-D73ADD8BD4E5}.Debug|Any CPU.ActiveCfg = Debug|Any CPU
		{26CC2D40-1BBF-EB8A-818C-D73ADD8BD4E5}.Debug|Any CPU.Build.0 = Debug|Any CPU
		{26CC2D40-1BBF-EB8A-818C-D73ADD8BD4E5}.Release|Any CPU.ActiveCfg = Release|Any CPU
		{26CC2D40-1BBF-EB8A-818C-D73ADD8BD4E5}.Release|Any CPU.Build.0 = Release|Any CPU
		{14D148C2-7A9F-C585-7896-99AB0E75BAD5}.Debug|Any CPU.ActiveCfg = Debug|Any CPU
		{14D148C2-7A9F-C585-7896-99AB0E75BAD5}.Debug|Any CPU.Build.0 = Debug|Any CPU
		{14D148C2-7A9F-C585-7896-99AB0E75BAD5}.Release|Any CPU.ActiveCfg = Release|Any CPU
		{14D148C2-7A9F-C585-7896-99AB0E75BAD5}.Release|Any CPU.Build.0 = Release|Any CPU
		{71FDDB1F-FCB2-726E-59F6-2B113E9894F2}.Debug|Any CPU.ActiveCfg = Debug|Any CPU
		{71FDDB1F-FCB2-726E-59F6-2B113E9894F2}.Debug|Any CPU.Build.0 = Debug|Any CPU
		{71FDDB1F-FCB2-726E-59F6-2B113E9894F2}.Release|Any CPU.ActiveCfg = Release|Any CPU
		{71FDDB1F-FCB2-726E-59F6-2B113E9894F2}.Release|Any CPU.Build.0 = Release|Any CPU
		{ECC6D7D5-4116-8105-13DA-8707EF6729CC}.Debug|Any CPU.ActiveCfg = Debug|Any CPU
		{ECC6D7D5-4116-8105-13DA-8707EF6729CC}.Debug|Any CPU.Build.0 = Debug|Any CPU
		{ECC6D7D5-4116-8105-13DA-8707EF6729CC}.Release|Any CPU.ActiveCfg = Release|Any CPU
		{ECC6D7D5-4116-8105-13DA-8707EF6729CC}.Release|Any CPU.Build.0 = Release|Any CPU
	EndGlobalSection
	GlobalSection(SolutionProperties) = preSolution
		HideSolutionNode = FALSE
	EndGlobalSection
	GlobalSection(MonoDevelopProperties) = preSolution
		StartupItem = Assembly-CSharp.csproj
	EndGlobalSection
EndGlobal
